
Microsoft Visual Studio Solution File, Format Version 12.00
Project("{FAE04EC0-301F-11D3-BF4B-00C04F79EFBC}") = "Calendar", "Calendar\Calendar.csproj", "{68338DBD-D0A9-432F-9573-348EBC514A87}"
EndProject
Global
	GlobalSection(SolutionConfigurationPlatforms) = preSolution
		Debug|Any CPU = Debug|Any CPU
		Release|Any CPU = Release|Any CPU
	EndGlobalSection
	GlobalSection(ProjectConfigurationPlatforms) = postSolution
		{68338DBD-D0A9-432F-9573-348EBC514A87}.Debug|Any CPU.ActiveCfg = Debug|Any CPU
		{68338DBD-D0A9-432F-9573-348EBC514A87}.Debug|Any CPU.Build.0 = Debug|Any CPU
		{68338DBD-D0A9-432F-9573-348EBC514A87}.Release|Any CPU.ActiveCfg = Release|Any CPU
		{68338DBD-D0A9-432F-9573-348EBC514A87}.Release|Any CPU.Build.0 = Release|Any CPU
	EndGlobalSection
EndGlobal
