<?xml version="1.0" encoding="utf-8"?>
<Project ToolsVersion="4.0" xmlns="http://schemas.microsoft.com/developer/msbuild/2003">
  <ItemGroup>
    <Filter Include="Source Files">
      <UniqueIdentifier>{4FC737F1-C7A5-4376-A066-2A32D752A2FF}</UniqueIdentifier>
      <Extensions>qml;cpp;c;cc;cxx;def;odl;idl;hpj;bat;asm;asmx</Extensions>
    </Filter>
    <Filter Include="Header Files">
      <UniqueIdentifier>{93995380-89BD-4b04-88EB-625FBE52EBFB}</UniqueIdentifier>
      <Extensions>h;hh;hpp;hxx;hm;inl;inc;xsd</Extensions>
    </Filter>
    <Filter Include="Resource Files">
      <UniqueIdentifier>{67DA6AB6-F800-4c08-8B7A-83BB121AAD01}</UniqueIdentifier>
      <Extensions>qrc;rc;ico;cur;bmp;dlg;rc2;rct;bin;rgs;gif;jpg;jpeg;jpe;resx;tiff;tif;png;wav;mfcribbon-ms</Extensions>
    </Filter>
    <Filter Include="Form Files">
      <UniqueIdentifier>{99349809-55BA-4b9d-BF79-8FDBB0286EB3}</UniqueIdentifier>
      <Extensions>ui</Extensions>
    </Filter>
    <Filter Include="Translation Files">
      <UniqueIdentifier>{639EADAA-A684-42e4-A9AD-28FC9BCB8F7C}</UniqueIdentifier>
      <Extensions>ts</Extensions>
    </Filter>
  </ItemGroup>
  <ItemGroup>
    <QtRcc Include="Calendar.qrc">
      <Filter>Resource Files</Filter>
    </QtRcc>
  </ItemGroup>
  <ItemGroup>
    <ClCompile Include="main.cpp">
      <Filter>Source Files</Filter>
    </ClCompile>
    <ClCompile Include="Util.cpp">
      <Filter>Source Files</Filter>
    </ClCompile>
    <ClCompile Include="WeekBar.cpp">
      <Filter>Source Files</Filter>
    </ClCompile>
    <ClCompile Include="YearBar.cpp">
      <Filter>Source Files</Filter>
    </ClCompile>
    <ClCompile Include="YearBarBtn.cpp">
      <Filter>Source Files</Filter>
    </ClCompile>
    <ClCompile Include="Toast.cpp">
      <Filter>Source Files</Filter>
    </ClCompile>
    <ClCompile Include="MainWindow.cpp">
      <Filter>Source Files</Filter>
    </ClCompile>
    <ClCompile Include="Menu.cpp">
      <Filter>Source Files</Filter>
    </ClCompile>
    <ClCompile Include="MenuItem.cpp">
      <Filter>Source Files</Filter>
    </ClCompile>
    <ClCompile Include="Skin.cpp">
      <Filter>Source Files</Filter>
    </ClCompile>
    <ClCompile Include="TipInfo.cpp">
      <Filter>Source Files</Filter>
    </ClCompile>
    <ClCompile Include="DayBtn.cpp">
      <Filter>Source Files</Filter>
    </ClCompile>
    <ClCompile Include="BtnBase.cpp">
      <Filter>Source Files</Filter>
    </ClCompile>
    <ClCompile Include="NongLi.cpp">
      <Filter>Source Files</Filter>
    </ClCompile>
    <ClCompile Include="DialogSchedule.cpp">
      <Filter>Source Files</Filter>
    </ClCompile>
    <ClCompile Include="DialogSetting.cpp">
      <Filter>Source Files</Filter>
    </ClCompile>
    <ClCompile Include="ScheduleEdit.cpp">
      <Filter>Source Files</Filter>
    </ClCompile>
    <ClCompile Include="ScheduleBox.cpp">
      <Filter>Source Files</Filter>
    </ClCompile>
    <ClCompile Include="ScheduleList.cpp">
      <Filter>Source Files</Filter>
    </ClCompile>
    <ClCompile Include="ScheduleTab.cpp">
      <Filter>Source Files</Filter>
    </ClCompile>
    <ClCompile Include="ScheduleSearch.cpp">
      <Filter>Source Files</Filter>
    </ClCompile>
    <ClCompile Include="RepeatSelection.cpp">
      <Filter>Source Files</Filter>
    </ClCompile>
    <ClCompile Include="RepeatSelectionBtn.cpp">
      <Filter>Source Files</Filter>
    </ClCompile>
    <ClCompile Include="Db.cpp">
      <Filter>Source Files</Filter>
    </ClCompile>
    <ClCompile Include="DateTimePicker.cpp">
      <Filter>Source Files</Filter>
    </ClCompile>
  </ItemGroup>
  <ItemGroup>
    <QtMoc Include="WeekBar.h">
      <Filter>Header Files</Filter>
    </QtMoc>
    <QtMoc Include="YearBar.h">
      <Filter>Header Files</Filter>
    </QtMoc>
    <QtMoc Include="YearBarBtn.h">
      <Filter>Header Files</Filter>
    </QtMoc>
    <QtMoc Include="Toast.h">
      <Filter>Header Files</Filter>
    </QtMoc>
    <QtMoc Include="TipInfo.h">
      <Filter>Header Files</Filter>
    </QtMoc>
    <QtMoc Include="MainWindow.h">
      <Filter>Header Files</Filter>
    </QtMoc>
    <QtMoc Include="Menu.h">
      <Filter>Header Files</Filter>
    </QtMoc>
    <QtMoc Include="MenuItem.h">
      <Filter>Header Files</Filter>
    </QtMoc>
    <QtMoc Include="DayBtn.h">
      <Filter>Header Files</Filter>
    </QtMoc>
    <QtMoc Include="BtnBase.h">
      <Filter>Header Files</Filter>
    </QtMoc>
    <QtMoc Include="DialogSchedule.h">
      <Filter>Header Files</Filter>
    </QtMoc>
    <QtMoc Include="DialogSetting.h">
      <Filter>Header Files</Filter>
    </QtMoc>
    <QtMoc Include="ScheduleEdit.h">
      <Filter>Header Files</Filter>
    </QtMoc>
    <QtMoc Include="ScheduleBox.h">
      <Filter>Header Files</Filter>
    </QtMoc>
    <QtMoc Include="ScheduleList.h">
      <Filter>Header Files</Filter>
    </QtMoc>
    <QtMoc Include="ScheduleTab.h">
      <Filter>Header Files</Filter>
    </QtMoc>
    <QtMoc Include="ScheduleSearch.h">
      <Filter>Header Files</Filter>
    </QtMoc>
    <QtMoc Include="RepeatSelection.h">
      <Filter>Header Files</Filter>
    </QtMoc>
    <QtMoc Include="RepeatSelectionBtn.h">
      <Filter>Header Files</Filter>
    </QtMoc>
    <QtMoc Include="Db.h">
      <Filter>Header Files</Filter>
    </QtMoc>
    <QtMoc Include="DateTimePicker.h">
      <Filter>Header Files</Filter>
    </QtMoc>
  </ItemGroup>
  <ItemGroup>
    <Image Include="Res\logo.ico">
      <Filter>Resource Files</Filter>
    </Image>
    <Image Include="Res\wechat.png">
      <Filter>Resource Files</Filter>
    </Image>
    <Image Include="Res\author.jpg">
      <Filter>Resource Files</Filter>
    </Image>
    <Image Include="Res\alipay.jpg">
      <Filter>Resource Files</Filter>
    </Image>
  </ItemGroup>
  <ItemGroup>
    <ResourceCompile Include="Res\Res.rc">
      <Filter>Resource Files</Filter>
    </ResourceCompile>
  </ItemGroup>
  <ItemGroup>
    <ClInclude Include="Res\Res.h">
      <Filter>Header Files</Filter>
    </ClInclude>
    <ClInclude Include="Util.h">
      <Filter>Header Files</Filter>
    </ClInclude>
    <ClInclude Include="Skin.h">
      <Filter>Header Files</Filter>
    </ClInclude>
    <ClInclude Include="NongLi.h">
      <Filter>Header Files</Filter>
    </ClInclude>
  </ItemGroup>
  <ItemGroup>
    <Font Include="Res\iconfont.ttf" />
  </ItemGroup>
  <ItemGroup>
    <None Include="Todo.md" />
    <None Include="README.md" />
    <None Include="LICENSE" />
    <None Include=".gitignore" />
  </ItemGroup>
</Project>