<?xml version="1.0" encoding="utf-8"?>
<Project ToolsVersion="4.0" xmlns="http://schemas.microsoft.com/developer/msbuild/2003">
  <ItemGroup>
    <Filter Include="Source Files">
      <UniqueIdentifier>{4FC737F1-C7A5-4376-A066-2A32D752A2FF}</UniqueIdentifier>
      <Extensions>qml;cpp;c;cc;cxx;def;odl;idl;hpj;bat;asm;asmx</Extensions>
    </Filter>
    <Filter Include="Header Files">
      <UniqueIdentifier>{93995380-89BD-4b04-88EB-625FBE52EBFB}</UniqueIdentifier>
      <Extensions>h;hh;hpp;hxx;hm;inl;inc;xsd</Extensions>
    </Filter>
    <Filter Include="Resource Files">
      <UniqueIdentifier>{67DA6AB6-F800-4c08-8B7A-83BB121AAD01}</UniqueIdentifier>
      <Extensions>qrc;rc;ico;cur;bmp;dlg;rc2;rct;bin;rgs;gif;jpg;jpeg;jpe;resx;tiff;tif;png;wav;mfcribbon-ms</Extensions>
    </Filter>
    <Filter Include="Form Files">
      <UniqueIdentifier>{99349809-55BA-4b9d-BF79-8FDBB0286EB3}</UniqueIdentifier>
      <Extensions>ui</Extensions>
    </Filter>
    <Filter Include="Translation Files">
      <UniqueIdentifier>{639EADAA-A684-42e4-A9AD-28FC9BCB8F7C}</UniqueIdentifier>
      <Extensions>ts</Extensions>
    </Filter>
  </ItemGroup>
  <ItemGroup>
    <QtRcc Include="Res\Calendar.qrc">
      <Filter>Resource Files</Filter>
    </QtRcc>
  </ItemGroup>
  <ItemGroup>
    <ClCompile Include="main.cpp">
      <Filter>Source Files</Filter>
    </ClCompile>
    <ClCompile Include="Util.cpp">
      <Filter>Source Files</Filter>
    </ClCompile>
    <ClCompile Include="Embed\WeekBar.cpp">
      <Filter>Source Files</Filter>
    </ClCompile>
    <ClCompile Include="Embed\YearBar.cpp">
      <Filter>Source Files</Filter>
    </ClCompile>
    <ClCompile Include="Embed\YearBarBtn.cpp">
      <Filter>Source Files</Filter>
    </ClCompile>
    <ClCompile Include="Embed\MainWindow.cpp">
      <Filter>Source Files</Filter>
    </ClCompile>
    <ClCompile Include="Embed\DayBtn.cpp">
      <Filter>Source Files</Filter>
    </ClCompile>
    <ClCompile Include="BtnBase.cpp">
      <Filter>Source Files</Filter>
    </ClCompile>
    <ClCompile Include="Embed\NongLi.cpp">
      <Filter>Source Files</Filter>
    </ClCompile>
    <ClCompile Include="Schedule\DialogList.cpp">
      <Filter>Source Files</Filter>
    </ClCompile>
    <ClCompile Include="Setting\DialogSetting.cpp">
      <Filter>Source Files</Filter>
    </ClCompile>
    <ClCompile Include="Schedule\ScheduleEdit.cpp">
      <Filter>Source Files</Filter>
    </ClCompile>
    <ClCompile Include="Schedule\ScheduleBox.cpp">
      <Filter>Source Files</Filter>
    </ClCompile>
    <ClCompile Include="Schedule\ScheduleList.cpp">
      <Filter>Source Files</Filter>
    </ClCompile>
    <ClCompile Include="Schedule\ScheduleTab.cpp">
      <Filter>Source Files</Filter>
    </ClCompile>
    <ClCompile Include="Schedule\ScheduleSearch.cpp">
      <Filter>Source Files</Filter>
    </ClCompile>
    <ClCompile Include="Schedule\RepeatSelection.cpp">
      <Filter>Source Files</Filter>
    </ClCompile>
    <ClCompile Include="Schedule\RepeatSelectionBtn.cpp">
      <Filter>Source Files</Filter>
    </ClCompile>
    <ClCompile Include="Data\Db.cpp">
      <Filter>Source Files</Filter>
    </ClCompile>
    <ClCompile Include="Schedule\ScheduleListItem.cpp">
      <Filter>Source Files</Filter>
    </ClCompile>
    <ClCompile Include="Eventer.cpp">
      <Filter>Source Files</Filter>
    </ClCompile>
    <ClCompile Include="Data\ScheduleModel.cpp">
      <Filter>Source Files</Filter>
    </ClCompile>
    <ClCompile Include="Data\Schedules.cpp">
      <Filter>Source Files</Filter>
    </ClCompile>
    <ClCompile Include="Schedule\DialogEdit.cpp">
      <Filter>Source Files</Filter>
    </ClCompile>
  </ItemGroup>
  <ItemGroup>
    <QtMoc Include="Embed\WeekBar.h">
      <Filter>Header Files</Filter>
    </QtMoc>
    <QtMoc Include="Embed\YearBar.h">
      <Filter>Header Files</Filter>
    </QtMoc>
    <QtMoc Include="Embed\YearBarBtn.h">
      <Filter>Header Files</Filter>
    </QtMoc>
    <QtMoc Include="Embed\MainWindow.h">
      <Filter>Header Files</Filter>
    </QtMoc>
    <QtMoc Include="Embed\DayBtn.h">
      <Filter>Header Files</Filter>
    </QtMoc>
    <QtMoc Include="BtnBase.h">
      <Filter>Header Files</Filter>
    </QtMoc>
    <QtMoc Include="Schedule\DialogList.h">
      <Filter>Header Files</Filter>
    </QtMoc>
    <QtMoc Include="Setting\DialogSetting.h">
      <Filter>Header Files</Filter>
    </QtMoc>
    <QtMoc Include="Schedule\ScheduleEdit.h">
      <Filter>Header Files</Filter>
    </QtMoc>
    <QtMoc Include="Schedule\ScheduleBox.h">
      <Filter>Header Files</Filter>
    </QtMoc>
    <QtMoc Include="Schedule\ScheduleList.h">
      <Filter>Header Files</Filter>
    </QtMoc>
    <QtMoc Include="Schedule\ScheduleTab.h">
      <Filter>Header Files</Filter>
    </QtMoc>
    <QtMoc Include="Schedule\ScheduleSearch.h">
      <Filter>Header Files</Filter>
    </QtMoc>
    <QtMoc Include="Schedule\RepeatSelection.h">
      <Filter>Header Files</Filter>
    </QtMoc>
    <QtMoc Include="Schedule\RepeatSelectionBtn.h">
      <Filter>Header Files</Filter>
    </QtMoc>
    <QtMoc Include="Data\Db.h">
      <Filter>Header Files</Filter>
    </QtMoc>
    <QtMoc Include="Schedule\ScheduleListItem.h">
      <Filter>Header Files</Filter>
    </QtMoc>
    <QtMoc Include="Eventer.h">
      <Filter>Header Files</Filter>
    </QtMoc>
    <QtMoc Include="Data\ScheduleModel.h">
      <Filter>Header Files</Filter>
    </QtMoc>
    <QtMoc Include="Data\Schedules.h">
      <Filter>Header Files</Filter>
    </QtMoc>
    <QtMoc Include="Schedule\DialogEdit.h">
      <Filter>Header Files</Filter>
    </QtMoc>
  </ItemGroup>
  <ItemGroup>
    <Image Include="Res\logo.ico">
      <Filter>Resource Files</Filter>
    </Image>
    <Image Include="Res\wechat.png">
      <Filter>Resource Files</Filter>
    </Image>
    <Image Include="Res\author.jpg">
      <Filter>Resource Files</Filter>
    </Image>
    <Image Include="Res\alipay.jpg">
      <Filter>Resource Files</Filter>
    </Image>
    <Image Include="Res\arrowdown.png">
      <Filter>Resource Files</Filter>
    </Image>
  </ItemGroup>
  <ItemGroup>
    <ResourceCompile Include="Res\Res.rc">
      <Filter>Resource Files</Filter>
    </ResourceCompile>
  </ItemGroup>
  <ItemGroup>
    <ClInclude Include="Res\Res.h">
      <Filter>Header Files</Filter>
    </ClInclude>
    <ClInclude Include="Util.h">
      <Filter>Header Files</Filter>
    </ClInclude>
    <ClInclude Include="Embed\NongLi.h">
      <Filter>Header Files</Filter>
    </ClInclude>
  </ItemGroup>
  <ItemGroup>
    <Font Include="Res\iconfont.ttf" />
  </ItemGroup>
  <ItemGroup>
    <None Include="Doc\Todo.md" />
    <None Include="README.md" />
    <None Include="LICENSE" />
    <None Include=".gitignore" />
  </ItemGroup>
</Project>