
Microsoft Visual Studio Solution File, Format Version 12.00
# Visual Studio Version 17
VisualStudioVersion = 17.7.34202.233
MinimumVisualStudioVersion = 10.0.40219.1
Project("{FAE04EC0-301F-11D3-BF4B-00C04F79EFBC}") = "Calendar", "Calendar\Calendar.csproj", "{65857CAF-A150-4318-9BF0-30814E5E5183}"
EndProject
Global
	GlobalSection(SolutionConfigurationPlatforms) = preSolution
		Debug|Any CPU = Debug|Any CPU
		Release|Any CPU = Release|Any CPU
	EndGlobalSection
	GlobalSection(ProjectConfigurationPlatforms) = postSolution
		{65857CAF-A150-4318-9BF0-30814E5E5183}.Debug|Any CPU.ActiveCfg = Debug|Any CPU
		{65857CAF-A150-4318-9BF0-30814E5E5183}.Debug|Any CPU.Build.0 = Debug|Any CPU
		{65857CAF-A150-4318-9BF0-30814E5E5183}.Release|Any CPU.ActiveCfg = Release|Any CPU
		{65857CAF-A150-4318-9BF0-30814E5E5183}.Release|Any CPU.Build.0 = Release|Any CPU
	EndGlobalSection
	GlobalSection(SolutionProperties) = preSolution
		HideSolutionNode = FALSE
	EndGlobalSection
	GlobalSection(ExtensibilityGlobals) = postSolution
		SolutionGuid = {B1F37B6F-347A-4DA8-96BA-1A367CE12BDB}
	EndGlobalSection
EndGlobal
